{
  "name": "datadeling-vis",
  "lockfileVersion": 2,
  "requires": true,
  "packages": {
    "": {
      "dependencies": {
        "xlsx": "https://cdn.sheetjs.com/xlsx-0.19.1/xlsx-0.19.1.tgz"
      }
    },
    "node_modules/xlsx": {
      "version": "0.19.1",
      "resolved": "https://cdn.sheetjs.com/xlsx-0.19.1/xlsx-0.19.1.tgz",
      "integrity": "sha512-pPh/ybd1bChlhCrtQ9QmRUx2yjQwMbS4tfvV9MSA2Qmm7vRUHQtPDMlLjAvQ2A4v8G92i2RlrNkSOKb1bwY7ww==",
      "license": "Apache-2.0",
      "bin": {
        "xlsx": "bin/xlsx.njs"
      },
      "engines": {
        "node": ">=0.8"
      }
    }
  },
  "dependencies": {
    "xlsx": {
      "version": "https://cdn.sheetjs.com/xlsx-0.19.1/xlsx-0.19.1.tgz",
      "integrity": "sha512-pPh/ybd1bChlhCrtQ9QmRUx2yjQwMbS4tfvV9MSA2Qmm7vRUHQtPDMlLjAvQ2A4v8G92i2RlrNkSOKb1bwY7ww=="
    }
  }
}
